Microsoft Visual Studio Solution File, Format Version 12.00
# Visual Studio Version 17
VisualStudioVersion = 17.5.2.0
MinimumVisualStudioVersion = 10.0.40219.1
Project("{FAE04EC0-301F-11D3-BF4B-00C04F79EFBC}") = "Sabor-Do-Brasil", "Sabor-Do-Brasil.csproj", "{5198FC3A-F23E-74C0-9B15-329446F87882}"
EndProject
Global
	GlobalSection(SolutionConfigurationPlatforms) = preSolution
		Debug|Any CPU = Debug|Any CPU
		Release|Any CPU = Release|Any CPU
	EndGlobalSection
	GlobalSection(ProjectConfigurationPlatforms) = postSolution
		{5198FC3A-F23E-74C0-9B15-329446F87882}.Debug|Any CPU.ActiveCfg = Debug|Any CPU
		{5198FC3A-F23E-74C0-9B15-329446F87882}.Debug|Any CPU.Build.0 = Debug|Any CPU
		{5198FC3A-F23E-74C0-9B15-329446F87882}.Release|Any CPU.ActiveCfg = Release|Any CPU
		{5198FC3A-F23E-74C0-9B15-329446F87882}.Release|Any CPU.Build.0 = Release|Any CPU
	EndGlobalSection
	GlobalSection(SolutionProperties) = preSolution
		HideSolutionNode = FALSE
	EndGlobalSection
	GlobalSection(ExtensibilityGlobals) = postSolution
		SolutionGuid = {1094144F-85DA-4D6D-BD32-5FE25C1076D4}
	EndGlobalSection
EndGlobal
